
Microsoft Visual Studio Solution File, Format Version 12.00
# Visual Studio Version 16
VisualStudioVersion = 16.0.31025.194
MinimumVisualStudioVersion = 10.0.40219.1
Project("{9A19103F-16F7-4668-BE54-9A1E7A4F7556}") = "LEotA.Engine.Data", "LEotA.Engine\LEotA.Engine.Data\LEotA.Engine.Data.csproj", "{1DA74789-EE99-44C6-BA13-C897AC62D084}"
EndProject
Project("{9A19103F-16F7-4668-BE54-9A1E7A4F7556}") = "LEotA.Engine.Entities", "LEotA.Engine\LEotA.Engine.Entities\LEotA.Engine.Entities.csproj", "{BCA2BCEC-75A2-4207-B6B2-F4D63AFC4ADB}"
EndProject
Project("{9A19103F-16F7-4668-BE54-9A1E7A4F7556}") = "LEotA.Engine.Web", "LEotA.Engine\LEotA.Engine.Web\LEotA.Engine.Web.csproj", "{525BDEBA-6D06-4DA5-B882-61C948F090FA}"
EndProject
Project("{9A19103F-16F7-4668-BE54-9A1E7A4F7556}") = "LEotA", "LEotA.Ng\LEotA.csproj", "{8CEE4053-4C88-424B-8EF4-6CFD65ECF0FE}"
EndProject
Global
	GlobalSection(SolutionConfigurationPlatforms) = preSolution
		Debug|Any CPU = Debug|Any CPU
		Release|Any CPU = Release|Any CPU
	EndGlobalSection
	GlobalSection(ProjectConfigurationPlatforms) = postSolution
		{1DA74789-EE99-44C6-BA13-C897AC62D084}.Debug|Any CPU.ActiveCfg = Debug|Any CPU
		{1DA74789-EE99-44C6-BA13-C897AC62D084}.Debug|Any CPU.Build.0 = Debug|Any CPU
		{1DA74789-EE99-44C6-BA13-C897AC62D084}.Release|Any CPU.ActiveCfg = Release|Any CPU
		{1DA74789-EE99-44C6-BA13-C897AC62D084}.Release|Any CPU.Build.0 = Release|Any CPU
		{1DA74789-EE99-44C6-BA13-C897AC62D084}.Debug|Any CPU.Deploy.0 = Debug|Any CPU
		{BCA2BCEC-75A2-4207-B6B2-F4D63AFC4ADB}.Debug|Any CPU.ActiveCfg = Debug|Any CPU
		{BCA2BCEC-75A2-4207-B6B2-F4D63AFC4ADB}.Debug|Any CPU.Build.0 = Debug|Any CPU
		{BCA2BCEC-75A2-4207-B6B2-F4D63AFC4ADB}.Release|Any CPU.ActiveCfg = Release|Any CPU
		{BCA2BCEC-75A2-4207-B6B2-F4D63AFC4ADB}.Release|Any CPU.Build.0 = Release|Any CPU
		{BCA2BCEC-75A2-4207-B6B2-F4D63AFC4ADB}.Debug|Any CPU.Deploy.0 = Debug|Any CPU
		{525BDEBA-6D06-4DA5-B882-61C948F090FA}.Debug|Any CPU.ActiveCfg = Debug|Any CPU
		{525BDEBA-6D06-4DA5-B882-61C948F090FA}.Debug|Any CPU.Build.0 = Debug|Any CPU
		{525BDEBA-6D06-4DA5-B882-61C948F090FA}.Release|Any CPU.ActiveCfg = Release|Any CPU
		{525BDEBA-6D06-4DA5-B882-61C948F090FA}.Release|Any CPU.Build.0 = Release|Any CPU
		{525BDEBA-6D06-4DA5-B882-61C948F090FA}.Debug|Any CPU.Deploy.0 = Debug|Any CPU
		{8CEE4053-4C88-424B-8EF4-6CFD65ECF0FE}.Debug|Any CPU.ActiveCfg = Debug|Any CPU
		{8CEE4053-4C88-424B-8EF4-6CFD65ECF0FE}.Debug|Any CPU.Build.0 = Debug|Any CPU
		{8CEE4053-4C88-424B-8EF4-6CFD65ECF0FE}.Release|Any CPU.ActiveCfg = Release|Any CPU
		{8CEE4053-4C88-424B-8EF4-6CFD65ECF0FE}.Release|Any CPU.Build.0 = Release|Any CPU
		{8CEE4053-4C88-424B-8EF4-6CFD65ECF0FE}.Debug|Any CPU.Deploy.0 = Debug|Any CPU
	EndGlobalSection
	GlobalSection(SolutionProperties) = preSolution
		HideSolutionNode = FALSE
	EndGlobalSection
	GlobalSection(ExtensibilityGlobals) = postSolution
		SolutionGuid = {49068064-B892-44E5-894B-5B600922590C}
	EndGlobalSection
EndGlobal
